// !$*UTF8*$!
{
	archiveVersion = 1;
	classes = {
	};
	objectVersion = 52;
	objects = {

/* Begin PBXBuildFile section */
		041570EF264B007400437ED6 /* AppDelegate.swift in Sources */ = {isa = PBXBuildFile; fileRef = 041570EE264B007400437ED6 /* AppDelegate.swift */; };
		041570F1264B007400437ED6 /* SceneDelegate.swift in Sources */ = {isa = PBXBuildFile; fileRef = 041570F0264B007400437ED6 /* SceneDelegate.swift */; };
		041570F3264B007400437ED6 /* ViewController.swift in Sources */ = {isa = PBXBuildFile; fileRef = 041570F2264B007400437ED6 /* ViewController.swift */; };
		041570F6264B007400437ED6 /* Main.storyboard in Resources */ = {isa = PBXBuildFile; fileRef = 041570F4264B007400437ED6 /* Main.storyboard */; };
		041570F8264B007700437ED6 /* Assets.xcassets in Resources */ = {isa = PBXBuildFile; fileRef = 041570F7264B007700437ED6 /* Assets.xcassets */; };
		041570FB264B007700437ED6 /* LaunchScreen.storyboard in Resources */ = {isa = PBXBuildFile; fileRef = 041570F9264B007700437ED6 /* LaunchScreen.storyboard */; };
		04157104264B060700437ED6 /* Extension + UIColor.swift in Sources */ = {isa = PBXBuildFile; fileRef = 04157103264B060700437ED6 /* Extension + UIColor.swift */; };
		04157107264B07C300437ED6 /* ColorModel.swift in Sources */ = {isa = PBXBuildFile; fileRef = 04157106264B07C300437ED6 /* ColorModel.swift */; };
		0415710B264B11DC00437ED6 /* Realm in Frameworks */ = {isa = PBXBuildFile; productRef = 0415710A264B11DC00437ED6 /* Realm */; };
		0415710D264B11DC00437ED6 /* RealmSwift in Frameworks */ = {isa = PBXBuildFile; productRef = 0415710C264B11DC00437ED6 /* RealmSwift */; };
		04157110264C409D00437ED6 /* DataManager.swift in Sources */ = {isa = PBXBuildFile; fileRef = 0415710F264C409D00437ED6 /* DataManager.swift */; };
/* End PBXBuildFile section */

/* Begin PBXFileReference section */
		041570EB264B007400437ED6 /* RealmDemoApp.app */ = {isa = PBXFileReference; explicitFileType = wrapper.application; includeInIndex = 0; path = RealmDemoApp.app; sourceTree = BUILT_PRODUCTS_DIR; };
		041570EE264B007400437ED6 /* AppDelegate.swift */ = {isa = PBXFileReference; lastKnownFileType = sourcecode.swift; path = AppDelegate.swift; sourceTree = "<group>"; };
		041570F0264B007400437ED6 /* SceneDelegate.swift */ = {isa = PBXFileReference; lastKnownFileType = sourcecode.swift; path = SceneDelegate.swift; sourceTree = "<group>"; };
		041570F2264B007400437ED6 /* ViewController.swift */ = {isa = PBXFileReference; lastKnownFileType = sourcecode.swift; path = ViewController.swift; sourceTree = "<group>"; };
		041570F5264B007400437ED6 /* Base */ = {isa = PBXFileReference; lastKnownFileType = file.storyboard; name = Base; path = Base.lproj/Main.storyboard; sourceTree = "<group>"; };
		041570F7264B007700437ED6 /* Assets.xcassets */ = {isa = PBXFileReference; lastKnownFileType = folder.assetcatalog; path = Assets.xcassets; sourceTree = "<group>"; };
		041570FA264B007700437ED6 /* Base */ = {isa = PBXFileReference; lastKnownFileType = file.storyboard; name = Base; path = Base.lproj/LaunchScreen.storyboard; sourceTree = "<group>"; };
		041570FC264B007700437ED6 /* Info.plist */ = {isa = PBXFileReference; lastKnownFileType = text.plist.xml; path = Info.plist; sourceTree = "<group>"; };
		04157103264B060700437ED6 /* Extension + UIColor.swift */ = {isa = PBXFileReference; lastKnownFileType = sourcecode.swift; path = "Extension + UIColor.swift"; sourceTree = "<group>"; };
		04157106264B07C300437ED6 /* ColorModel.swift */ = {isa = PBXFileReference; lastKnownFileType = sourcecode.swift; path = ColorModel.swift; sourceTree = "<group>"; };
		0415710F264C409D00437ED6 /* DataManager.swift */ = {isa = PBXFileReference; lastKnownFileType = sourcecode.swift; path = DataManager.swift; sourceTree = "<group>"; };
/* End PBXFileReference section */

/* Begin PBXFrameworksBuildPhase section */
		041570E8264B007400437ED6 /* Frameworks */ = {
			isa = PBXFrameworksBuildPhase;
			buildActionMask = 2147483647;
			files = (
				0415710D264B11DC00437ED6 /* RealmSwift in Frameworks */,
				0415710B264B11DC00437ED6 /* Realm in Frameworks */,
			);
			runOnlyForDeploymentPostprocessing = 0;
		};
/* End PBXFrameworksBuildPhase section */

/* Begin PBXGroup section */
		041570E2264B007400437ED6 = {
			isa = PBXGroup;
			children = (
				041570ED264B007400437ED6 /* RealmDemoApp */,
				041570EC264B007400437ED6 /* Products */,
			);
			sourceTree = "<group>";
		};
		041570EC264B007400437ED6 /* Products */ = {
			isa = PBXGroup;
			children = (
				041570EB264B007400437ED6 /* RealmDemoApp.app */,
			);
			name = Products;
			sourceTree = "<group>";
		};
		041570ED264B007400437ED6 /* RealmDemoApp */ = {
			isa = PBXGroup;
			children = (
				04157112264C456C00437ED6 /* Supporting */,
				04157117264C45F600437ED6 /* ViewControllers */,
				04157116264C45E900437ED6 /* DataManagers */,
				04157119264C460000437ED6 /* Models */,
				0415711B264C460900437ED6 /* Extensions */,
				04157115264C45DF00437ED6 /* StoryBoards */,
				041570F7264B007700437ED6 /* Assets.xcassets */,
				041570FC264B007700437ED6 /* Info.plist */,
			);
			path = RealmDemoApp;
			sourceTree = "<group>";
		};
		04157112264C456C00437ED6 /* Supporting */ = {
			isa = PBXGroup;
			children = (
				041570EE264B007400437ED6 /* AppDelegate.swift */,
				041570F0264B007400437ED6 /* SceneDelegate.swift */,
			);
			path = Supporting;
			sourceTree = "<group>";
		};
		04157115264C45DF00437ED6 /* StoryBoards */ = {
			isa = PBXGroup;
			children = (
				041570F4264B007400437ED6 /* Main.storyboard */,
				041570F9264B007700437ED6 /* LaunchScreen.storyboard */,
			);
			path = StoryBoards;
			sourceTree = "<group>";
		};
		04157116264C45E900437ED6 /* DataManagers */ = {
			isa = PBXGroup;
			children = (
				0415710F264C409D00437ED6 /* DataManager.swift */,
			);
			path = DataManagers;
			sourceTree = "<group>";
		};
		04157117264C45F600437ED6 /* ViewControllers */ = {
			isa = PBXGroup;
			children = (
				041570F2264B007400437ED6 /* ViewController.swift */,
			);
			path = ViewControllers;
			sourceTree = "<group>";
		};
		04157119264C460000437ED6 /* Models */ = {
			isa = PBXGroup;
			children = (
				04157106264B07C300437ED6 /* ColorModel.swift */,
			);
			path = Models;
			sourceTree = "<group>";
		};
		0415711B264C460900437ED6 /* Extensions */ = {
			isa = PBXGroup;
			children = (
				04157103264B060700437ED6 /* Extension + UIColor.swift */,
			);
			path = Extensions;
			sourceTree = "<group>";
		};
/* End PBXGroup section */

/* Begin PBXNativeTarget section */
		041570EA264B007400437ED6 /* RealmDemoApp */ = {
			isa = PBXNativeTarget;
			buildConfigurationList = 041570FF264B007700437ED6 /* Build configuration list for PBXNativeTarget "RealmDemoApp" */;
			buildPhases = (
				041570E7264B007400437ED6 /* Sources */,
				041570E8264B007400437ED6 /* Frameworks */,
				041570E9264B007400437ED6 /* Resources */,
			);
			buildRules = (
			);
			dependencies = (
			);
			name = RealmDemoApp;
			packageProductDependencies = (
				0415710A264B11DC00437ED6 /* Realm */,
				0415710C264B11DC00437ED6 /* RealmSwift */,
			);
			productName = RealmDemoApp;
			productReference = 041570EB264B007400437ED6 /* RealmDemoApp.app */;
			productType = "com.apple.product-type.application";
		};
/* End PBXNativeTarget section */

/* Begin PBXProject section */
		041570E3264B007400437ED6 /* Project object */ = {
			isa = PBXProject;
			attributes = {
				LastSwiftUpdateCheck = 1230;
				LastUpgradeCheck = 1230;
				TargetAttributes = {
					041570EA264B007400437ED6 = {
						CreatedOnToolsVersion = 12.3;
					};
				};
			};
			buildConfigurationList = 041570E6264B007400437ED6 /* Build configuration list for PBXProject "RealmDemoApp" */;
			compatibilityVersion = "Xcode 9.3";
			developmentRegion = en;
			hasScannedForEncodings = 0;
			knownRegions = (
				en,
				Base,
			);
			mainGroup = 041570E2264B007400437ED6;
			packageReferences = (
				04157109264B11DC00437ED6 /* XCRemoteSwiftPackageReference "realm-cocoa" */,
			);
			productRefGroup = 041570EC264B007400437ED6 /* Products */;
			projectDirPath = "";
			projectRoot = "";
			targets = (
				041570EA264B007400437ED6 /* RealmDemoApp */,
			);
		};
/* End PBXProject section */

/* Begin PBXResourcesBuildPhase section */
		041570E9264B007400437ED6 /* Resources */ = {
			isa = PBXResourcesBuildPhase;
			buildActionMask = 2147483647;
			files = (
				041570FB264B007700437ED6 /* LaunchScreen.storyboard in Resources */,
				041570F8264B007700437ED6 /* Assets.xcassets in Resources */,
				041570F6264B007400437ED6 /* Main.storyboard in Resources */,
			);
			runOnlyForDeploymentPostprocessing = 0;
		};
/* End PBXResourcesBuildPhase section */

/* Begin PBXSourcesBuildPhase section */
		041570E7264B007400437ED6 /* Sources */ = {
			isa = PBXSourcesBuildPhase;
			buildActionMask = 2147483647;
			files = (
				041570F3264B007400437ED6 /* ViewController.swift in Sources */,
				04157110264C409D00437ED6 /* DataManager.swift in Sources */,
				04157104264B060700437ED6 /* Extension + UIColor.swift in Sources */,
				041570EF264B007400437ED6 /* AppDelegate.swift in Sources */,
				041570F1264B007400437ED6 /* SceneDelegate.swift in Sources */,
				04157107264B07C300437ED6 /* ColorModel.swift in Sources */,
			);
			runOnlyForDeploymentPostprocessing = 0;
		};
/* End PBXSourcesBuildPhase section */

/* Begin PBXVariantGroup section */
		041570F4264B007400437ED6 /* Main.storyboard */ = {
			isa = PBXVariantGroup;
			children = (
				041570F5264B007400437ED6 /* Base */,
			);
			name = Main.storyboard;
			sourceTree = "<group>";
		};
		041570F9264B007700437ED6 /* LaunchScreen.storyboard */ = {
			isa = PBXVariantGroup;
			children = (
				041570FA264B007700437ED6 /* Base */,
			);
			name = LaunchScreen.storyboard;
			sourceTree = "<group>";
		};
/* End PBXVariantGroup section */

/* Begin XCBuildConfiguration section */
		041570FD264B007700437ED6 /* Debug */ = {
			isa = XCBuildConfiguration;
			buildSettings = {
				ALWAYS_SEARCH_USER_PATHS = NO;
				CLANG_ANALYZER_NONNULL = YES;
				CLANG_ANALYZER_NUMBER_OBJECT_CONVERSION = YES_AGGRESSIVE;
				CLANG_CXX_LANGUAGE_STANDARD = "gnu++14";
				CLANG_CXX_LIBRARY = "libc++";
				CLANG_ENABLE_MODULES = YES;
				CLANG_ENABLE_OBJC_ARC = YES;
				CLANG_ENABLE_OBJC_WEAK = YES;
				CLANG_WARN_BLOCK_CAPTURE_AUTORELEASING = YES;
				CLANG_WARN_BOOL_CONVERSION = YES;
				CLANG_WARN_COMMA = YES;
				CLANG_WARN_CONSTANT_CONVERSION = YES;
				CLANG_WARN_DEPRECATED_OBJC_IMPLEMENTATIONS = YES;
				CLANG_WARN_DIRECT_OBJC_ISA_USAGE = YES_ERROR;
				CLANG_WARN_DOCUMENTATION_COMMENTS = YES;
				CLANG_WARN_EMPTY_BODY = YES;
				CLANG_WARN_ENUM_CONVERSION = YES;
				CLANG_WARN_INFINITE_RECURSION = YES;
				CLANG_WARN_INT_CONVERSION = YES;
				CLANG_WARN_NON_LITERAL_NULL_CONVERSION = YES;
				CLANG_WARN_OBJC_IMPLICIT_RETAIN_SELF = YES;
				CLANG_WARN_OBJC_LITERAL_CONVERSION = YES;
				CLANG_WARN_OBJC_ROOT_CLASS = YES_ERROR;
				CLANG_WARN_QUOTED_INCLUDE_IN_FRAMEWORK_HEADER = YES;
				CLANG_WARN_RANGE_LOOP_ANALYSIS = YES;
				CLANG_WARN_STRICT_PROTOTYPES = YES;
				CLANG_WARN_SUSPICIOUS_MOVE = YES;
				CLANG_WARN_UNGUARDED_AVAILABILITY = YES_AGGRESSIVE;
				CLANG_WARN_UNREACHABLE_CODE = YES;
				CLANG_WARN__DUPLICATE_METHOD_MATCH = YES;
				COPY_PHASE_STRIP = NO;
				DEBUG_INFORMATION_FORMAT = dwarf;
				ENABLE_STRICT_OBJC_MSGSEND = YES;
				ENABLE_TESTABILITY = YES;
				GCC_C_LANGUAGE_STANDARD = gnu11;
				GCC_DYNAMIC_NO_PIC = NO;
				GCC_NO_COMMON_BLOCKS = YES;
				GCC_OPTIMIZATION_LEVEL = 0;
				GCC_PREPROCESSOR_DEFINITIONS = (
					"DEBUG=1",
					"$(inherited)",
				);
				GCC_WARN_64_TO_32_BIT_CONVERSION = YES;
				GCC_WARN_ABOUT_RETURN_TYPE = YES_ERROR;
				GCC_WARN_UNDECLARED_SELECTOR = YES;
				GCC_WARN_UNINITIALIZED_AUTOS = YES_AGGRESSIVE;
				GCC_WARN_UNUSED_FUNCTION = YES;
				GCC_WARN_UNUSED_VARIABLE = YES;
				IPHONEOS_DEPLOYMENT_TARGET = 14.3;
				MTL_ENABLE_DEBUG_INFO = INCLUDE_SOURCE;
				MTL_FAST_MATH = YES;
				ONLY_ACTIVE_ARCH = YES;
				SDKROOT = iphoneos;
				SWIFT_ACTIVE_COMPILATION_CONDITIONS = DEBUG;
				SWIFT_OPTIMIZATION_LEVEL = "-Onone";
			};
			name = Debug;
		};
		041570FE264B007700437ED6 /* Release */ = {
			isa = XCBuildConfiguration;
			buildSettings = {
				ALWAYS_SEARCH_USER_PATHS = NO;
				CLANG_ANALYZER_NONNULL = YES;
				CLANG_ANALYZER_NUMBER_OBJECT_CONVERSION = YES_AGGRESSIVE;
				CLANG_CXX_LANGUAGE_STANDARD = "gnu++14";
				CLANG_CXX_LIBRARY = "libc++";
				CLANG_ENABLE_MODULES = YES;
				CLANG_ENABLE_OBJC_ARC = YES;
				CLANG_ENABLE_OBJC_WEAK = YES;
				CLANG_WARN_BLOCK_CAPTURE_AUTORELEASING = YES;
				CLANG_WARN_BOOL_CONVERSION = YES;
				CLANG_WARN_COMMA = YES;
				CLANG_WARN_CONSTANT_CONVERSION = YES;
				CLANG_WARN_DEPRECATED_OBJC_IMPLEMENTATIONS = YES;
				CLANG_WARN_DIRECT_OBJC_ISA_USAGE = YES_ERROR;
				CLANG_WARN_DOCUMENTATION_COMMENTS = YES;
				CLANG_WARN_EMPTY_BODY = YES;
				CLANG_WARN_ENUM_CONVERSION = YES;
				CLANG_WARN_INFINITE_RECURSION = YES;
				CLANG_WARN_INT_CONVERSION = YES;
				CLANG_WARN_NON_LITERAL_NULL_CONVERSION = YES;
				CLANG_WARN_OBJC_IMPLICIT_RETAIN_SELF = YES;
				CLANG_WARN_OBJC_LITERAL_CONVERSION = YES;
				CLANG_WARN_OBJC_ROOT_CLASS = YES_ERROR;
				CLANG_WARN_QUOTED_INCLUDE_IN_FRAMEWORK_HEADER = YES;
				CLANG_WARN_RANGE_LOOP_ANALYSIS = YES;
				CLANG_WARN_STRICT_PROTOTYPES = YES;
				CLANG_WARN_SUSPICIOUS_MOVE = YES;
				CLANG_WARN_UNGUARDED_AVAILABILITY = YES_AGGRESSIVE;
				CLANG_WARN_UNREACHABLE_CODE = YES;
				CLANG_WARN__DUPLICATE_METHOD_MATCH = YES;
				COPY_PHASE_STRIP = NO;
				DEBUG_INFORMATION_FORMAT = "dwarf-with-dsym";
				ENABLE_NS_ASSERTIONS = NO;
				ENABLE_STRICT_OBJC_MSGSEND = YES;
				GCC_C_LANGUAGE_STANDARD = gnu11;
				GCC_NO_COMMON_BLOCKS = YES;
				GCC_WARN_64_TO_32_BIT_CONVERSION = YES;
				GCC_WARN_ABOUT_RETURN_TYPE = YES_ERROR;
				GCC_WARN_UNDECLARED_SELECTOR = YES;
				GCC_WARN_UNINITIALIZED_AUTOS = YES_AGGRESSIVE;
				GCC_WARN_UNUSED_FUNCTION = YES;
				GCC_WARN_UNUSED_VARIABLE = YES;
				IPHONEOS_DEPLOYMENT_TARGET = 14.3;
				MTL_ENABLE_DEBUG_INFO = NO;
				MTL_FAST_MATH = YES;
				SDKROOT = iphoneos;
				SWIFT_COMPILATION_MODE = wholemodule;
				SWIFT_OPTIMIZATION_LEVEL = "-O";
				VALIDATE_PRODUCT = YES;
			};
			name = Release;
		};
		04157100264B007700437ED6 /* Debug */ = {
			isa = XCBuildConfiguration;
			buildSettings = {
				ASSETCATALOG_COMPILER_APPICON_NAME = AppIcon;
				ASSETCATALOG_COMPILER_GLOBAL_ACCENT_COLOR_NAME = AccentColor;
				CODE_SIGN_STYLE = Automatic;
				DEVELOPMENT_TEAM = JCX8Z993GT;
				INFOPLIST_FILE = RealmDemoApp/Info.plist;
				LD_RUNPATH_SEARCH_PATHS = (
					"$(inherited)",
					"@executable_path/Frameworks",
				);
				PRODUCT_BUNDLE_IDENTIFIER = AB.bavcom.RealmDemoApp;
				PRODUCT_NAME = "$(TARGET_NAME)";
				SWIFT_VERSION = 5.0;
				TARGETED_DEVICE_FAMILY = "1,2";
			};
			name = Debug;
		};
		04157101264B007700437ED6 /* Release */ = {
			isa = XCBuildConfiguration;
			buildSettings = {
				ASSETCATALOG_COMPILER_APPICON_NAME = AppIcon;
				ASSETCATALOG_COMPILER_GLOBAL_ACCENT_COLOR_NAME = AccentColor;
				CODE_SIGN_STYLE = Automatic;
				DEVELOPMENT_TEAM = JCX8Z993GT;
				INFOPLIST_FILE = RealmDemoApp/Info.plist;
				LD_RUNPATH_SEARCH_PATHS = (
					"$(inherited)",
					"@executable_path/Frameworks",
				);
				PRODUCT_BUNDLE_IDENTIFIER = AB.bavcom.RealmDemoApp;
				PRODUCT_NAME = "$(TARGET_NAME)";
				SWIFT_VERSION = 5.0;
				TARGETED_DEVICE_FAMILY = "1,2";
			};
			name = Release;
		};
/* End XCBuildConfiguration section */

/* Begin XCConfigurationList section */
		041570E6264B007400437ED6 /* Build configuration list for PBXProject "RealmDemoApp" */ = {
			isa = XCConfigurationList;
			buildConfigurations = (
				041570FD264B007700437ED6 /* Debug */,
				041570FE264B007700437ED6 /* Release */,
			);
			defaultConfigurationIsVisible = 0;
			defaultConfigurationName = Release;
		};
		041570FF264B007700437ED6 /* Build configuration list for PBXNativeTarget "RealmDemoApp" */ = {
			isa = XCConfigurationList;
			buildConfigurations = (
				04157100264B007700437ED6 /* Debug */,
				04157101264B007700437ED6 /* Release */,
			);
			defaultConfigurationIsVisible = 0;
			defaultConfigurationName = Release;
		};
/* End XCConfigurationList section */

/* Begin XCRemoteSwiftPackageReference section */
		04157109264B11DC00437ED6 /* XCRemoteSwiftPackageReference "realm-cocoa" */ = {
			isa = XCRemoteSwiftPackageReference;
			repositoryURL = "https://github.com/realm/realm-cocoa.git";
			requirement = {
				kind = upToNextMajorVersion;
				minimumVersion = 10.7.5;
			};
		};
/* End XCRemoteSwiftPackageReference section */

/* Begin XCSwiftPackageProductDependency section */
		0415710A264B11DC00437ED6 /* Realm */ = {
			isa = XCSwiftPackageProductDependency;
			package = 04157109264B11DC00437ED6 /* XCRemoteSwiftPackageReference "realm-cocoa" */;
			productName = Realm;
		};
		0415710C264B11DC00437ED6 /* RealmSwift */ = {
			isa = XCSwiftPackageProductDependency;
			package = 04157109264B11DC00437ED6 /* XCRemoteSwiftPackageReference "realm-cocoa" */;
			productName = RealmSwift;
		};
/* End XCSwiftPackageProductDependency section */
	};
	rootObject = 041570E3264B007400437ED6 /* Project object */;
}
